// !$*UTF8*$!
{
	archiveVersion = 1;
	classes = {
	};
	objectVersion = 77;
	objects = {

/* Begin PBXContainerItemProxy section */
		C3FBC2A52CB05145004501A4 /* PBXContainerItemProxy */ = {
			isa = PBXContainerItemProxy;
			containerPortal = C3FBC2882CB05144004501A4 /* Project object */;
			proxyType = 1;
			remoteGlobalIDString = C3FBC28F2CB05144004501A4;
			remoteInfo = OGTtodo;
		};
		C3FBC2AF2CB05145004501A4 /* PBXContainerItemProxy */ = {
			isa = PBXContainerItemProxy;
			containerPortal = C3FBC2882CB05144004501A4 /* Project object */;
			proxyType = 1;
			remoteGlobalIDString = C3FBC28F2CB05144004501A4;
			remoteInfo = OGTtodo;
		};
/* End PBXContainerItemProxy section */

/* Begin PBXFileReference section */
		C3FBC2902CB05144004501A4 /* OGTtodo.app */ = {isa = PBXFileReference; explicitFileType = wrapper.application; includeInIndex = 0; path = OGTtodo.app; sourceTree = BUILT_PRODUCTS_DIR; };
		C3FBC2A42CB05145004501A4 /* OGTtodoTests.xctest */ = {isa = PBXFileReference; explicitFileType = wrapper.cfbundle; includeInIndex = 0; path = OGTtodoTests.xctest; sourceTree = BUILT_PRODUCTS_DIR; };
		C3FBC2AE2CB05145004501A4 /* OGTtodoUITests.xctest */ = {isa = PBXFileReference; explicitFileType = wrapper.cfbundle; includeInIndex = 0; path = OGTtodoUITests.xctest; sourceTree = BUILT_PRODUCTS_DIR; };
/* End PBXFileReference section */

/* Begin PBXFileSystemSynchronizedBuildFileExceptionSet section */
		C3FBC2B62CB05145004501A4 /* Exceptions for "OGTtodo" folder in "OGTtodo" target */ = {
			isa = PBXFileSystemSynchronizedBuildFileExceptionSet;
			membershipExceptions = (
				Info.plist,
			);
			target = C3FBC28F2CB05144004501A4 /* OGTtodo */;
		};
/* End PBXFileSystemSynchronizedBuildFileExceptionSet section */

/* Begin PBXFileSystemSynchronizedRootGroup section */
		C3FBC2922CB05144004501A4 /* OGTtodo */ = {
			isa = PBXFileSystemSynchronizedRootGroup;
			exceptions = (
				C3FBC2B62CB05145004501A4 /* Exceptions for "OGTtodo" folder in "OGTtodo" target */,
			);
			path = OGTtodo;
			sourceTree = "<group>";
		};
		C3FBC2A72CB05145004501A4 /* OGTtodoTests */ = {
			isa = PBXFileSystemSynchronizedRootGroup;
			path = OGTtodoTests;
			sourceTree = "<group>";
		};
		C3FBC2B12CB05145004501A4 /* OGTtodoUITests */ = {
			isa = PBXFileSystemSynchronizedRootGroup;
			path = OGTtodoUITests;
			sourceTree = "<group>";
		};
/* End PBXFileSystemSynchronizedRootGroup section */

/* Begin PBXFrameworksBuildPhase section */
		C3FBC28D2CB05144004501A4 /* Frameworks */ = {
			isa = PBXFrameworksBuildPhase;
			buildActionMask = 2147483647;
			files = (
			);
			runOnlyForDeploymentPostprocessing = 0;
		};
		C3FBC2A12CB05145004501A4 /* Frameworks */ = {
			isa = PBXFrameworksBuildPhase;
			buildActionMask = 2147483647;
			files = (
			);
			runOnlyForDeploymentPostprocessing = 0;
		};
		C3FBC2AB2CB05145004501A4 /* Frameworks */ = {
			isa = PBXFrameworksBuildPhase;
			buildActionMask = 2147483647;
			files = (
			);
			runOnlyForDeploymentPostprocessing = 0;
		};
/* End PBXFrameworksBuildPhase section */

/* Begin PBXGroup section */
		C3FBC2872CB05144004501A4 = {
			isa = PBXGroup;
			children = (
				C3FBC2922CB05144004501A4 /* OGTtodo */,
				C3FBC2A72CB05145004501A4 /* OGTtodoTests */,
				C3FBC2B12CB05145004501A4 /* OGTtodoUITests */,
				C3FBC2912CB05144004501A4 /* Products */,
			);
			sourceTree = "<group>";
		};
		C3FBC2912CB05144004501A4 /* Products */ = {
			isa = PBXGroup;
			children = (
				C3FBC2902CB05144004501A4 /* OGTtodo.app */,
				C3FBC2A42CB05145004501A4 /* OGTtodoTests.xctest */,
				C3FBC2AE2CB05145004501A4 /* OGTtodoUITests.xctest */,
			);
			name = Products;
			sourceTree = "<group>";
		};
/* End PBXGroup section */

/* Begin PBXNativeTarget section */
		C3FBC28F2CB05144004501A4 /* OGTtodo */ = {
			isa = PBXNativeTarget;
			buildConfigurationList = C3FBC2B72CB05145004501A4 /* Build configuration list for PBXNativeTarget "OGTtodo" */;
			buildPhases = (
				C3FBC28C2CB05144004501A4 /* Sources */,
				C3FBC28D2CB05144004501A4 /* Frameworks */,
				C3FBC28E2CB05144004501A4 /* Resources */,
			);
			buildRules = (
			);
			dependencies = (
			);
			fileSystemSynchronizedGroups = (
				C3FBC2922CB05144004501A4 /* OGTtodo */,
			);
			name = OGTtodo;
			packageProductDependencies = (
			);
			productName = OGTtodo;
			productReference = C3FBC2902CB05144004501A4 /* OGTtodo.app */;
			productType = "com.apple.product-type.application";
		};
		C3FBC2A32CB05145004501A4 /* OGTtodoTests */ = {
			isa = PBXNativeTarget;
			buildConfigurationList = C3FBC2BC2CB05145004501A4 /* Build configuration list for PBXNativeTarget "OGTtodoTests" */;
			buildPhases = (
				C3FBC2A02CB05145004501A4 /* Sources */,
				C3FBC2A12CB05145004501A4 /* Frameworks */,
				C3FBC2A22CB05145004501A4 /* Resources */,
			);
			buildRules = (
			);
			dependencies = (
				C3FBC2A62CB05145004501A4 /* PBXTargetDependency */,
			);
			fileSystemSynchronizedGroups = (
				C3FBC2A72CB05145004501A4 /* OGTtodoTests */,
			);
			name = OGTtodoTests;
			packageProductDependencies = (
			);
			productName = OGTtodoTests;
			productReference = C3FBC2A42CB05145004501A4 /* OGTtodoTests.xctest */;
			productType = "com.apple.product-type.bundle.unit-test";
		};
		C3FBC2AD2CB05145004501A4 /* OGTtodoUITests */ = {
			isa = PBXNativeTarget;
			buildConfigurationList = C3FBC2BF2CB05145004501A4 /* Build configuration list for PBXNativeTarget "OGTtodoUITests" */;
			buildPhases = (
				C3FBC2AA2CB05145004501A4 /* Sources */,
				C3FBC2AB2CB05145004501A4 /* Frameworks */,
				C3FBC2AC2CB05145004501A4 /* Resources */,
			);
			buildRules = (
			);
			dependencies = (
				C3FBC2B02CB05145004501A4 /* PBXTargetDependency */,
			);
			fileSystemSynchronizedGroups = (
				C3FBC2B12CB05145004501A4 /* OGTtodoUITests */,
			);
			name = OGTtodoUITests;
			packageProductDependencies = (
			);
			productName = OGTtodoUITests;
			productReference = C3FBC2AE2CB05145004501A4 /* OGTtodoUITests.xctest */;
			productType = "com.apple.product-type.bundle.ui-testing";
		};
/* End PBXNativeTarget section */

/* Begin PBXProject section */
		C3FBC2882CB05144004501A4 /* Project object */ = {
			isa = PBXProject;
			attributes = {
				BuildIndependentTargetsInParallel = 1;
				LastSwiftUpdateCheck = 1600;
				LastUpgradeCheck = 1600;
				TargetAttributes = {
					C3FBC28F2CB05144004501A4 = {
						CreatedOnToolsVersion = 16.0;
					};
					C3FBC2A32CB05145004501A4 = {
						CreatedOnToolsVersion = 16.0;
						TestTargetID = C3FBC28F2CB05144004501A4;
					};
					C3FBC2AD2CB05145004501A4 = {
						CreatedOnToolsVersion = 16.0;
						TestTargetID = C3FBC28F2CB05144004501A4;
					};
				};
			};
			buildConfigurationList = C3FBC28B2CB05144004501A4 /* Build configuration list for PBXProject "OGTtodo" */;
			developmentRegion = en;
			hasScannedForEncodings = 0;
			knownRegions = (
				en,
				Base,
			);
			mainGroup = C3FBC2872CB05144004501A4;
			minimizedProjectReferenceProxies = 1;
			preferredProjectObjectVersion = 77;
			productRefGroup = C3FBC2912CB05144004501A4 /* Products */;
			projectDirPath = "";
			projectRoot = "";
			targets = (
				C3FBC28F2CB05144004501A4 /* OGTtodo */,
				C3FBC2A32CB05145004501A4 /* OGTtodoTests */,
				C3FBC2AD2CB05145004501A4 /* OGTtodoUITests */,
			);
		};
/* End PBXProject section */

/* Begin PBXResourcesBuildPhase section */
		C3FBC28E2CB05144004501A4 /* Resources */ = {
			isa = PBXResourcesBuildPhase;
			buildActionMask = 2147483647;
			files = (
			);
			runOnlyForDeploymentPostprocessing = 0;
		};
		C3FBC2A22CB05145004501A4 /* Resources */ = {
			isa = PBXResourcesBuildPhase;
			buildActionMask = 2147483647;
			files = (
			);
			runOnlyForDeploymentPostprocessing = 0;
		};
		C3FBC2AC2CB05145004501A4 /* Resources */ = {
			isa = PBXResourcesBuildPhase;
			buildActionMask = 2147483647;
			files = (
			);
			runOnlyForDeploymentPostprocessing = 0;
		};
/* End PBXResourcesBuildPhase section */

/* Begin PBXSourcesBuildPhase section */
		C3FBC28C2CB05144004501A4 /* Sources */ = {
			isa = PBXSourcesBuildPhase;
			buildActionMask = 2147483647;
			files = (
			);
			runOnlyForDeploymentPostprocessing = 0;
		};
		C3FBC2A02CB05145004501A4 /* Sources */ = {
			isa = PBXSourcesBuildPhase;
			buildActionMask = 2147483647;
			files = (
			);
			runOnlyForDeploymentPostprocessing = 0;
		};
		C3FBC2AA2CB05145004501A4 /* Sources */ = {
			isa = PBXSourcesBuildPhase;
			buildActionMask = 2147483647;
			files = (
			);
			runOnlyForDeploymentPostprocessing = 0;
		};
/* End PBXSourcesBuildPhase section */

/* Begin PBXTargetDependency section */
		C3FBC2A62CB05145004501A4 /* PBXTargetDependency */ = {
			isa = PBXTargetDependency;
			target = C3FBC28F2CB05144004501A4 /* OGTtodo */;
			targetProxy = C3FBC2A52CB05145004501A4 /* PBXContainerItemProxy */;
		};
		C3FBC2B02CB05145004501A4 /* PBXTargetDependency */ = {
			isa = PBXTargetDependency;
			target = C3FBC28F2CB05144004501A4 /* OGTtodo */;
			targetProxy = C3FBC2AF2CB05145004501A4 /* PBXContainerItemProxy */;
		};
/* End PBXTargetDependency section */

/* Begin XCBuildConfiguration section */
		C3FBC2B82CB05145004501A4 /* Debug */ = {
			isa = XCBuildConfiguration;
			buildSettings = {
				ASSETCATALOG_COMPILER_APPICON_NAME = AppIcon;
				ASSETCATALOG_COMPILER_GLOBAL_ACCENT_COLOR_NAME = AccentColor;
				CODE_SIGN_ENTITLEMENTS = OGTtodo/OGTtodo.entitlements;
				CODE_SIGN_IDENTITY = "Apple Development";
				CODE_SIGN_STYLE = Automatic;
				CURRENT_PROJECT_VERSION = 1;
				DEVELOPMENT_ASSET_PATHS = "\"OGTtodo/Preview Content\"";
				DEVELOPMENT_TEAM = 9M9598WD8K;
				ENABLE_PREVIEWS = YES;
				GENERATE_INFOPLIST_FILE = YES;
				INFOPLIST_FILE = OGTtodo/Info.plist;
				INFOPLIST_KEY_UIApplicationSceneManifest_Generation = YES;
				INFOPLIST_KEY_UIApplicationSupportsIndirectInputEvents = YES;
				INFOPLIST_KEY_UILaunchScreen_Generation = YES;
				INFOPLIST_KEY_UISupportedInterfaceOrientations_iPad = "UIInterfaceOrientationPortrait UIInterfaceOrientationPortraitUpsideDown UIInterfaceOrientationLandscapeLeft UIInterfaceOrientationLandscapeRight";
				INFOPLIST_KEY_UISupportedInterfaceOrientations_iPhone = "UIInterfaceOrientationPortrait UIInterfaceOrientationLandscapeLeft UIInterfaceOrientationLandscapeRight";
				LD_RUNPATH_SEARCH_PATHS = (
					"$(inherited)",
					"@executable_path/Frameworks",
				);
				MARKETING_VERSION = 1.0;
				PRODUCT_NAME = "$(TARGET_NAME)";
				PROVISIONING_PROFILE_SPECIFIER = "";
				SWIFT_EMIT_LOC_STRINGS = YES;
				SWIFT_VERSION = 5.0;
				TARGETED_DEVICE_FAMILY = "1,2";
			};
			name = Debug;
		};
		C3FBC2B92CB05145004501A4 /* Release */ = {
			isa = XCBuildConfiguration;
			buildSettings = {
				ASSETCATALOG_COMPILER_APPICON_NAME = AppIcon;
				ASSETCATALOG_COMPILER_GLOBAL_ACCENT_COLOR_NAME = AccentColor;
				CODE_SIGN_ENTITLEMENTS = OGTtodo/OGTtodo.entitlements;
				CODE_SIGN_IDENTITY = "Apple Development";
				CODE_SIGN_STYLE = Automatic;
				CURRENT_PROJECT_VERSION = 1;
				DEVELOPMENT_ASSET_PATHS = "\"OGTtodo/Preview Content\"";
				DEVELOPMENT_TEAM = 9M9598WD8K;
				ENABLE_PREVIEWS = YES;
				GENERATE_INFOPLIST_FILE = YES;
				INFOPLIST_FILE = OGTtodo/Info.plist;
				INFOPLIST_KEY_UIApplicationSceneManifest_Generation = YES;
				INFOPLIST_KEY_UIApplicationSupportsIndirectInputEvents = YES;
				INFOPLIST_KEY_UILaunchScreen_Generation = YES;
				INFOPLIST_KEY_UISupportedInterfaceOrientations_iPad = "UIInterfaceOrientationPortrait UIInterfaceOrientationPortraitUpsideDown UIInterfaceOrientationLandscapeLeft UIInterfaceOrientationLandscapeRight";
				INFOPLIST_KEY_UISupportedInterfaceOrientations_iPhone = "UIInterfaceOrientationPortrait UIInterfaceOrientationLandscapeLeft UIInterfaceOrientationLandscapeRight";
				LD_RUNPATH_SEARCH_PATHS = (
					"$(inherited)",
					"@executable_path/Frameworks",
				);
				MARKETING_VERSION = 1.0;
				PRODUCT_NAME = "$(TARGET_NAME)";
				PROVISIONING_PROFILE_SPECIFIER = "";
				SWIFT_EMIT_LOC_STRINGS = YES;
				SWIFT_VERSION = 5.0;
				TARGETED_DEVICE_FAMILY = "1,2";
			};
			name = Release;
		};
		C3FBC2BA2CB05145004501A4 /* Debug */ = {
			isa = XCBuildConfiguration;
			buildSettings = {
				ALWAYS_SEARCH_USER_PATHS = NO;
				ASSETCATALOG_COMPILER_GENERATE_SWIFT_ASSET_SYMBOL_EXTENSIONS = YES;
				CLANG_ANALYZER_NONNULL = YES;
				CLANG_ANALYZER_NUMBER_OBJECT_CONVERSION = YES_AGGRESSIVE;
				CLANG_CXX_LANGUAGE_STANDARD = "gnu++20";
				CLANG_ENABLE_MODULES = YES;
				CLANG_ENABLE_OBJC_ARC = YES;
				CLANG_ENABLE_OBJC_WEAK = YES;
				CLANG_WARN_BLOCK_CAPTURE_AUTORELEASING = YES;
				CLANG_WARN_BOOL_CONVERSION = YES;
				CLANG_WARN_COMMA = YES;
				CLANG_WARN_CONSTANT_CONVERSION = YES;
				CLANG_WARN_DEPRECATED_OBJC_IMPLEMENTATIONS = YES;
				CLANG_WARN_DIRECT_OBJC_ISA_USAGE = YES_ERROR;
				CLANG_WARN_DOCUMENTATION_COMMENTS = YES;
				CLANG_WARN_EMPTY_BODY = YES;
				CLANG_WARN_ENUM_CONVERSION = YES;
				CLANG_WARN_INFINITE_RECURSION = YES;
				CLANG_WARN_INT_CONVERSION = YES;
				CLANG_WARN_NON_LITERAL_NULL_CONVERSION = YES;
				CLANG_WARN_OBJC_IMPLICIT_RETAIN_SELF = YES;
				CLANG_WARN_OBJC_LITERAL_CONVERSION = YES;
				CLANG_WARN_OBJC_ROOT_CLASS = YES_ERROR;
				CLANG_WARN_QUOTED_INCLUDE_IN_FRAMEWORK_HEADER = YES;
				CLANG_WARN_RANGE_LOOP_ANALYSIS = YES;
				CLANG_WARN_STRICT_PROTOTYPES = YES;
				CLANG_WARN_SUSPICIOUS_MOVE = YES;
				CLANG_WARN_UNGUARDED_AVAILABILITY = YES_AGGRESSIVE;
				CLANG_WARN_UNREACHABLE_CODE = YES;
				CLANG_WARN__DUPLICATE_METHOD_MATCH = YES;
				COPY_PHASE_STRIP = NO;
				DEBUG_INFORMATION_FORMAT = dwarf;
				ENABLE_STRICT_OBJC_MSGSEND = YES;
				ENABLE_TESTABILITY = YES;
				ENABLE_USER_SCRIPT_SANDBOXING = YES;
				GCC_C_LANGUAGE_STANDARD = gnu17;
				GCC_DYNAMIC_NO_PIC = NO;
				GCC_NO_COMMON_BLOCKS = YES;
				GCC_OPTIMIZATION_LEVEL = 0;
				GCC_PREPROCESSOR_DEFINITIONS = (
					"DEBUG=1",
					"$(inherited)",
				);
				GCC_WARN_64_TO_32_BIT_CONVERSION = YES;
				GCC_WARN_ABOUT_RETURN_TYPE = YES_ERROR;
				GCC_WARN_UNDECLARED_SELECTOR = YES;
				GCC_WARN_UNINITIALIZED_AUTOS = YES_AGGRESSIVE;
				GCC_WARN_UNUSED_FUNCTION = YES;
				GCC_WARN_UNUSED_VARIABLE = YES;
				IPHONEOS_DEPLOYMENT_TARGET = 18.0;
				LOCALIZATION_PREFERS_STRING_CATALOGS = YES;
				MTL_ENABLE_DEBUG_INFO = INCLUDE_SOURCE;
				MTL_FAST_MATH = YES;
				ONLY_ACTIVE_ARCH = YES;
				SDKROOT = iphoneos;
				SWIFT_ACTIVE_COMPILATION_CONDITIONS = "DEBUG $(inherited)";
				SWIFT_OPTIMIZATION_LEVEL = "-Onone";
			};
			name = Debug;
		};
		C3FBC2BB2CB05145004501A4 /* Release */ = {
			isa = XCBuildConfiguration;
			buildSettings = {
				ALWAYS_SEARCH_USER_PATHS = NO;
				ASSETCATALOG_COMPILER_GENERATE_SWIFT_ASSET_SYMBOL_EXTENSIONS = YES;
				CLANG_ANALYZER_NONNULL = YES;
				CLANG_ANALYZER_NUMBER_OBJECT_CONVERSION = YES_AGGRESSIVE;
				CLANG_CXX_LANGUAGE_STANDARD = "gnu++20";
				CLANG_ENABLE_MODULES = YES;
				CLANG_ENABLE_OBJC_ARC = YES;
				CLANG_ENABLE_OBJC_WEAK = YES;
				CLANG_WARN_BLOCK_CAPTURE_AUTORELEASING = YES;
				CLANG_WARN_BOOL_CONVERSION = YES;
				CLANG_WARN_COMMA = YES;
				CLANG_WARN_CONSTANT_CONVERSION = YES;
				CLANG_WARN_DEPRECATED_OBJC_IMPLEMENTATIONS = YES;
				CLANG_WARN_DIRECT_OBJC_ISA_USAGE = YES_ERROR;
				CLANG_WARN_DOCUMENTATION_COMMENTS = YES;
				CLANG_WARN_EMPTY_BODY = YES;
				CLANG_WARN_ENUM_CONVERSION = YES;
				CLANG_WARN_INFINITE_RECURSION = YES;
				CLANG_WARN_INT_CONVERSION = YES;
				CLANG_WARN_NON_LITERAL_NULL_CONVERSION = YES;
				CLANG_WARN_OBJC_IMPLICIT_RETAIN_SELF = YES;
				CLANG_WARN_OBJC_LITERAL_CONVERSION = YES;
				CLANG_WARN_OBJC_ROOT_CLASS = YES_ERROR;
				CLANG_WARN_QUOTED_INCLUDE_IN_FRAMEWORK_HEADER = YES;
				CLANG_WARN_RANGE_LOOP_ANALYSIS = YES;
				CLANG_WARN_STRICT_PROTOTYPES = YES;
				CLANG_WARN_SUSPICIOUS_MOVE = YES;
				CLANG_WARN_UNGUARDED_AVAILABILITY = YES_AGGRESSIVE;
				CLANG_WARN_UNREACHABLE_CODE = YES;
				CLANG_WARN__DUPLICATE_METHOD_MATCH = YES;
				COPY_PHASE_STRIP = NO;
				DEBUG_INFORMATION_FORMAT = "dwarf-with-dsym";
				ENABLE_NS_ASSERTIONS = NO;
				ENABLE_STRICT_OBJC_MSGSEND = YES;
				ENABLE_USER_SCRIPT_SANDBOXING = YES;
				GCC_C_LANGUAGE_STANDARD = gnu17;
				GCC_NO_COMMON_BLOCKS = YES;
				GCC_WARN_64_TO_32_BIT_CONVERSION = YES;
				GCC_WARN_ABOUT_RETURN_TYPE = YES_ERROR;
				GCC_WARN_UNDECLARED_SELECTOR = YES;
				GCC_WARN_UNINITIALIZED_AUTOS = YES_AGGRESSIVE;
				GCC_WARN_UNUSED_FUNCTION = YES;
				GCC_WARN_UNUSED_VARIABLE = YES;
				IPHONEOS_DEPLOYMENT_TARGET = 18.0;
				LOCALIZATION_PREFERS_STRING_CATALOGS = YES;
				MTL_ENABLE_DEBUG_INFO = NO;
				MTL_FAST_MATH = YES;
				SDKROOT = iphoneos;
				SWIFT_COMPILATION_MODE = wholemodule;
				VALIDATE_PRODUCT = YES;
			};
			name = Release;
		};
		C3FBC2BD2CB05145004501A4 /* Debug */ = {
			isa = XCBuildConfiguration;
			buildSettings = {
				BUNDLE_LOADER = "$(TEST_HOST)";
				CODE_SIGN_STYLE = Automatic;
				CURRENT_PROJECT_VERSION = 1;
				DEVELOPMENT_TEAM = 9M9598WD8K;
				GENERATE_INFOPLIST_FILE = YES;
				IPHONEOS_DEPLOYMENT_TARGET = 18.0;
				MARKETING_VERSION = 1.0;
				PRODUCT_BUNDLE_IDENTIFIER = com.orkhang.OGTtodoTests;
				PRODUCT_NAME = "$(TARGET_NAME)";
				SWIFT_EMIT_LOC_STRINGS = NO;
				SWIFT_VERSION = 5.0;
				TARGETED_DEVICE_FAMILY = "1,2";
				TEST_HOST = "$(BUILT_PRODUCTS_DIR)/OGTtodo.app/$(BUNDLE_EXECUTABLE_FOLDER_PATH)/OGTtodo";
			};
			name = Debug;
		};
		C3FBC2BE2CB05145004501A4 /* Release */ = {
			isa = XCBuildConfiguration;
			buildSettings = {
				BUNDLE_LOADER = "$(TEST_HOST)";
				CODE_SIGN_STYLE = Automatic;
				CURRENT_PROJECT_VERSION = 1;
				DEVELOPMENT_TEAM = 9M9598WD8K;
				GENERATE_INFOPLIST_FILE = YES;
				IPHONEOS_DEPLOYMENT_TARGET = 18.0;
				MARKETING_VERSION = 1.0;
				PRODUCT_BUNDLE_IDENTIFIER = com.orkhang.OGTtodoTests;
				PRODUCT_NAME = "$(TARGET_NAME)";
				SWIFT_EMIT_LOC_STRINGS = NO;
				SWIFT_VERSION = 5.0;
				TARGETED_DEVICE_FAMILY = "1,2";
				TEST_HOST = "$(BUILT_PRODUCTS_DIR)/OGTtodo.app/$(BUNDLE_EXECUTABLE_FOLDER_PATH)/OGTtodo";
			};
			name = Release;
		};
		C3FBC2C02CB05145004501A4 /* Debug */ = {
			isa = XCBuildConfiguration;
			buildSettings = {
				CODE_SIGN_STYLE = Automatic;
				CURRENT_PROJECT_VERSION = 1;
				DEVELOPMENT_TEAM = 9M9598WD8K;
				GENERATE_INFOPLIST_FILE = YES;
				MARKETING_VERSION = 1.0;
				PRODUCT_BUNDLE_IDENTIFIER = com.orkhang.OGTtodoUITests;
				PRODUCT_NAME = "$(TARGET_NAME)";
				SWIFT_EMIT_LOC_STRINGS = NO;
				SWIFT_VERSION = 5.0;
				TARGETED_DEVICE_FAMILY = "1,2";
				TEST_TARGET_NAME = OGTtodo;
			};
			name = Debug;
		};
		C3FBC2C12CB05145004501A4 /* Release */ = {
			isa = XCBuildConfiguration;
			buildSettings = {
				CODE_SIGN_STYLE = Automatic;
				CURRENT_PROJECT_VERSION = 1;
				DEVELOPMENT_TEAM = 9M9598WD8K;
				GENERATE_INFOPLIST_FILE = YES;
				MARKETING_VERSION = 1.0;
				PRODUCT_BUNDLE_IDENTIFIER = com.orkhang.OGTtodoUITests;
				PRODUCT_NAME = "$(TARGET_NAME)";
				SWIFT_EMIT_LOC_STRINGS = NO;
				SWIFT_VERSION = 5.0;
				TARGETED_DEVICE_FAMILY = "1,2";
				TEST_TARGET_NAME = OGTtodo;
			};
			name = Release;
		};
/* End XCBuildConfiguration section */

/* Begin XCConfigurationList section */
		C3FBC28B2CB05144004501A4 /* Build configuration list for PBXProject "OGTtodo" */ = {
			isa = XCConfigurationList;
			buildConfigurations = (
				C3FBC2BA2CB05145004501A4 /* Debug */,
				C3FBC2BB2CB05145004501A4 /* Release */,
			);
			defaultConfigurationIsVisible = 0;
			defaultConfigurationName = Release;
		};
		C3FBC2B72CB05145004501A4 /* Build configuration list for PBXNativeTarget "OGTtodo" */ = {
			isa = XCConfigurationList;
			buildConfigurations = (
				C3FBC2B82CB05145004501A4 /* Debug */,
				C3FBC2B92CB05145004501A4 /* Release */,
			);
			defaultConfigurationIsVisible = 0;
			defaultConfigurationName = Release;
		};
		C3FBC2BC2CB05145004501A4 /* Build configuration list for PBXNativeTarget "OGTtodoTests" */ = {
			isa = XCConfigurationList;
			buildConfigurations = (
				C3FBC2BD2CB05145004501A4 /* Debug */,
				C3FBC2BE2CB05145004501A4 /* Release */,
			);
			defaultConfigurationIsVisible = 0;
			defaultConfigurationName = Release;
		};
		C3FBC2BF2CB05145004501A4 /* Build configuration list for PBXNativeTarget "OGTtodoUITests" */ = {
			isa = XCConfigurationList;
			buildConfigurations = (
				C3FBC2C02CB05145004501A4 /* Debug */,
				C3FBC2C12CB05145004501A4 /* Release */,
			);
			defaultConfigurationIsVisible = 0;
			defaultConfigurationName = Release;
		};
/* End XCConfigurationList section */
	};
	rootObject = C3FBC2882CB05144004501A4 /* Project object */;
}
